// !$*UTF8*$!
{
	archiveVersion = 1;
	classes = {
	};
	objectVersion = 46;
	objects = {

/* Begin PBXBuildFile section */
		060BBA191BEBBE9F00FF885A /* AppDelegate.swift in Sources */ = {isa = PBXBuildFile; fileRef = 060BBA181BEBBE9F00FF885A /* AppDelegate.swift */; };
		060BBA1B1BEBBE9F00FF885A /* ViewController.swift in Sources */ = {isa = PBXBuildFile; fileRef = 060BBA1A1BEBBE9F00FF885A /* ViewController.swift */; };
		060BBA1E1BEBBE9F00FF885A /* Main.storyboard in Resources */ = {isa = PBXBuildFile; fileRef = 060BBA1C1BEBBE9F00FF885A /* Main.storyboard */; };
		060BBA201BEBBE9F00FF885A /* Assets.xcassets in Resources */ = {isa = PBXBuildFile; fileRef = 060BBA1F1BEBBE9F00FF885A /* Assets.xcassets */; };
		060BBA231BEBBE9F00FF885A /* LaunchScreen.storyboard in Resources */ = {isa = PBXBuildFile; fileRef = 060BBA211BEBBE9F00FF885A /* LaunchScreen.storyboard */; };
		060BBA2E1BEBBE9F00FF885A /* GradyCheckoutTests.swift in Sources */ = {isa = PBXBuildFile; fileRef = 060BBA2D1BEBBE9F00FF885A /* GradyCheckoutTests.swift */; };
		060BBA391BEBBE9F00FF885A /* GradyCheckoutUITests.swift in Sources */ = {isa = PBXBuildFile; fileRef = 060BBA381BEBBE9F00FF885A /* GradyCheckoutUITests.swift */; };
		0650433E1BF25892009BB4E1 /* EquipData.swift in Sources */ = {isa = PBXBuildFile; fileRef = 0650433D1BF25892009BB4E1 /* EquipData.swift */; settings = {ASSET_TAGS = (); }; };
/* End PBXBuildFile section */

/* Begin PBXContainerItemProxy section */
		060BBA2A1BEBBE9F00FF885A /* PBXContainerItemProxy */ = {
			isa = PBXContainerItemProxy;
			containerPortal = 060BBA0D1BEBBE9F00FF885A /* Project object */;
			proxyType = 1;
			remoteGlobalIDString = 060BBA141BEBBE9F00FF885A;
			remoteInfo = GradyCheckout;
		};
		060BBA351BEBBE9F00FF885A /* PBXContainerItemProxy */ = {
			isa = PBXContainerItemProxy;
			containerPortal = 060BBA0D1BEBBE9F00FF885A /* Project object */;
			proxyType = 1;
			remoteGlobalIDString = 060BBA141BEBBE9F00FF885A;
			remoteInfo = GradyCheckout;
		};
/* End PBXContainerItemProxy section */

/* Begin PBXFileReference section */
		060BBA151BEBBE9F00FF885A /* GradyCheckout.app */ = {isa = PBXFileReference; explicitFileType = wrapper.application; includeInIndex = 0; path = GradyCheckout.app; sourceTree = BUILT_PRODUCTS_DIR; };
		060BBA181BEBBE9F00FF885A /* AppDelegate.swift */ = {isa = PBXFileReference; lastKnownFileType = sourcecode.swift; path = AppDelegate.swift; sourceTree = "<group>"; };
		060BBA1A1BEBBE9F00FF885A /* ViewController.swift */ = {isa = PBXFileReference; lastKnownFileType = sourcecode.swift; path = ViewController.swift; sourceTree = "<group>"; };
		060BBA1D1BEBBE9F00FF885A /* Base */ = {isa = PBXFileReference; lastKnownFileType = file.storyboard; name = Base; path = Base.lproj/Main.storyboard; sourceTree = "<group>"; };
		060BBA1F1BEBBE9F00FF885A /* Assets.xcassets */ = {isa = PBXFileReference; lastKnownFileType = folder.assetcatalog; path = Assets.xcassets; sourceTree = "<group>"; };
		060BBA221BEBBE9F00FF885A /* Base */ = {isa = PBXFileReference; lastKnownFileType = file.storyboard; name = Base; path = Base.lproj/LaunchScreen.storyboard; sourceTree = "<group>"; };
		060BBA241BEBBE9F00FF885A /* Info.plist */ = {isa = PBXFileReference; lastKnownFileType = text.plist.xml; path = Info.plist; sourceTree = "<group>"; };
		060BBA291BEBBE9F00FF885A /* GradyCheckoutTests.xctest */ = {isa = PBXFileReference; explicitFileType = wrapper.cfbundle; includeInIndex = 0; path = GradyCheckoutTests.xctest; sourceTree = BUILT_PRODUCTS_DIR; };
		060BBA2D1BEBBE9F00FF885A /* GradyCheckoutTests.swift */ = {isa = PBXFileReference; lastKnownFileType = sourcecode.swift; path = GradyCheckoutTests.swift; sourceTree = "<group>"; };
		060BBA2F1BEBBE9F00FF885A /* Info.plist */ = {isa = PBXFileReference; lastKnownFileType = text.plist.xml; path = Info.plist; sourceTree = "<group>"; };
		060BBA341BEBBE9F00FF885A /* GradyCheckoutUITests.xctest */ = {isa = PBXFileReference; explicitFileType = wrapper.cfbundle; includeInIndex = 0; path = GradyCheckoutUITests.xctest; sourceTree = BUILT_PRODUCTS_DIR; };
		060BBA381BEBBE9F00FF885A /* GradyCheckoutUITests.swift */ = {isa = PBXFileReference; lastKnownFileType = sourcecode.swift; path = GradyCheckoutUITests.swift; sourceTree = "<group>"; };
		060BBA3A1BEBBE9F00FF885A /* Info.plist */ = {isa = PBXFileReference; lastKnownFileType = text.plist.xml; path = Info.plist; sourceTree = "<group>"; };
		0650433D1BF25892009BB4E1 /* EquipData.swift */ = {isa = PBXFileReference; fileEncoding = 4; lastKnownFileType = sourcecode.swift; path = EquipData.swift; sourceTree = "<group>"; };
/* End PBXFileReference section */

/* Begin PBXFrameworksBuildPhase section */
		060BBA121BEBBE9F00FF885A /* Frameworks */ = {
			isa = PBXFrameworksBuildPhase;
			buildActionMask = 2147483647;
			files = (
			);
			runOnlyForDeploymentPostprocessing = 0;
		};
		060BBA261BEBBE9F00FF885A /* Frameworks */ = {
			isa = PBXFrameworksBuildPhase;
			buildActionMask = 2147483647;
			files = (
			);
			runOnlyForDeploymentPostprocessing = 0;
		};
		060BBA311BEBBE9F00FF885A /* Frameworks */ = {
			isa = PBXFrameworksBuildPhase;
			buildActionMask = 2147483647;
			files = (
			);
			runOnlyForDeploymentPostprocessing = 0;
		};
/* End PBXFrameworksBuildPhase section */

/* Begin PBXGroup section */
		060BBA0C1BEBBE9F00FF885A = {
			isa = PBXGroup;
			children = (
				060BBA171BEBBE9F00FF885A /* GradyCheckout */,
				060BBA2C1BEBBE9F00FF885A /* GradyCheckoutTests */,
				060BBA371BEBBE9F00FF885A /* GradyCheckoutUITests */,
				060BBA161BEBBE9F00FF885A /* Products */,
			);
			sourceTree = "<group>";
		};
		060BBA161BEBBE9F00FF885A /* Products */ = {
			isa = PBXGroup;
			children = (
				060BBA151BEBBE9F00FF885A /* GradyCheckout.app */,
				060BBA291BEBBE9F00FF885A /* GradyCheckoutTests.xctest */,
				060BBA341BEBBE9F00FF885A /* GradyCheckoutUITests.xctest */,
			);
			name = Products;
			sourceTree = "<group>";
		};
		060BBA171BEBBE9F00FF885A /* GradyCheckout */ = {
			isa = PBXGroup;
			children = (
				060BBA181BEBBE9F00FF885A /* AppDelegate.swift */,
				060BBA1A1BEBBE9F00FF885A /* ViewController.swift */,
				060BBA1C1BEBBE9F00FF885A /* Main.storyboard */,
				0650433D1BF25892009BB4E1 /* EquipData.swift */,
				060BBA1F1BEBBE9F00FF885A /* Assets.xcassets */,
				060BBA211BEBBE9F00FF885A /* LaunchScreen.storyboard */,
				060BBA241BEBBE9F00FF885A /* Info.plist */,
			);
			path = GradyCheckout;
			sourceTree = "<group>";
		};
		060BBA2C1BEBBE9F00FF885A /* GradyCheckoutTests */ = {
			isa = PBXGroup;
			children = (
				060BBA2D1BEBBE9F00FF885A /* GradyCheckoutTests.swift */,
				060BBA2F1BEBBE9F00FF885A /* Info.plist */,
			);
			path = GradyCheckoutTests;
			sourceTree = "<group>";
		};
		060BBA371BEBBE9F00FF885A /* GradyCheckoutUITests */ = {
			isa = PBXGroup;
			children = (
				060BBA381BEBBE9F00FF885A /* GradyCheckoutUITests.swift */,
				060BBA3A1BEBBE9F00FF885A /* Info.plist */,
			);
			path = GradyCheckoutUITests;
			sourceTree = "<group>";
		};
/* End PBXGroup section */

/* Begin PBXNativeTarget section */
		060BBA141BEBBE9F00FF885A /* GradyCheckout */ = {
			isa = PBXNativeTarget;
			buildConfigurationList = 060BBA3D1BEBBE9F00FF885A /* Build configuration list for PBXNativeTarget "GradyCheckout" */;
			buildPhases = (
				060BBA111BEBBE9F00FF885A /* Sources */,
				060BBA121BEBBE9F00FF885A /* Frameworks */,
				060BBA131BEBBE9F00FF885A /* Resources */,
			);
			buildRules = (
			);
			dependencies = (
			);
			name = GradyCheckout;
			productName = GradyCheckout;
			productReference = 060BBA151BEBBE9F00FF885A /* GradyCheckout.app */;
			productType = "com.apple.product-type.application";
		};
		060BBA281BEBBE9F00FF885A /* GradyCheckoutTests */ = {
			isa = PBXNativeTarget;
			buildConfigurationList = 060BBA401BEBBE9F00FF885A /* Build configuration list for PBXNativeTarget "GradyCheckoutTests" */;
			buildPhases = (
				060BBA251BEBBE9F00FF885A /* Sources */,
				060BBA261BEBBE9F00FF885A /* Frameworks */,
				060BBA271BEBBE9F00FF885A /* Resources */,
			);
			buildRules = (
			);
			dependencies = (
				060BBA2B1BEBBE9F00FF885A /* PBXTargetDependency */,
			);
			name = GradyCheckoutTests;
			productName = GradyCheckoutTests;
			productReference = 060BBA291BEBBE9F00FF885A /* GradyCheckoutTests.xctest */;
			productType = "com.apple.product-type.bundle.unit-test";
		};
		060BBA331BEBBE9F00FF885A /* GradyCheckoutUITests */ = {
			isa = PBXNativeTarget;
			buildConfigurationList = 060BBA431BEBBE9F00FF885A /* Build configuration list for PBXNativeTarget "GradyCheckoutUITests" */;
			buildPhases = (
				060BBA301BEBBE9F00FF885A /* Sources */,
				060BBA311BEBBE9F00FF885A /* Frameworks */,
				060BBA321BEBBE9F00FF885A /* Resources */,
			);
			buildRules = (
			);
			dependencies = (
				060BBA361BEBBE9F00FF885A /* PBXTargetDependency */,
			);
			name = GradyCheckoutUITests;
			productName = GradyCheckoutUITests;
			productReference = 060BBA341BEBBE9F00FF885A /* GradyCheckoutUITests.xctest */;
			productType = "com.apple.product-type.bundle.ui-testing";
		};
/* End PBXNativeTarget section */

/* Begin PBXProject section */
		060BBA0D1BEBBE9F00FF885A /* Project object */ = {
			isa = PBXProject;
			attributes = {
				LastUpgradeCheck = 0700;
				ORGANIZATIONNAME = "Practically Vampires";
				TargetAttributes = {
					060BBA141BEBBE9F00FF885A = {
						CreatedOnToolsVersion = 7.0;
						DevelopmentTeam = G8GDHQ9KGL;
					};
					060BBA281BEBBE9F00FF885A = {
						CreatedOnToolsVersion = 7.0;
						DevelopmentTeam = G8GDHQ9KGL;
						TestTargetID = 060BBA141BEBBE9F00FF885A;
					};
					060BBA331BEBBE9F00FF885A = {
						CreatedOnToolsVersion = 7.0;
						DevelopmentTeam = G8GDHQ9KGL;
						TestTargetID = 060BBA141BEBBE9F00FF885A;
					};
				};
			};
			buildConfigurationList = 060BBA101BEBBE9F00FF885A /* Build configuration list for PBXProject "GradyCheckout" */;
			compatibilityVersion = "Xcode 3.2";
			developmentRegion = English;
			hasScannedForEncodings = 0;
			knownRegions = (
				en,
				Base,
			);
			mainGroup = 060BBA0C1BEBBE9F00FF885A;
			productRefGroup = 060BBA161BEBBE9F00FF885A /* Products */;
			projectDirPath = "";
			projectRoot = "";
			targets = (
				060BBA141BEBBE9F00FF885A /* GradyCheckout */,
				060BBA281BEBBE9F00FF885A /* GradyCheckoutTests */,
				060BBA331BEBBE9F00FF885A /* GradyCheckoutUITests */,
			);
		};
/* End PBXProject section */

/* Begin PBXResourcesBuildPhase section */
		060BBA131BEBBE9F00FF885A /* Resources */ = {
			isa = PBXResourcesBuildPhase;
			buildActionMask = 2147483647;
			files = (
				060BBA231BEBBE9F00FF885A /* LaunchScreen.storyboard in Resources */,
				060BBA201BEBBE9F00FF885A /* Assets.xcassets in Resources */,
				060BBA1E1BEBBE9F00FF885A /* Main.storyboard in Resources */,
			);
			runOnlyForDeploymentPostprocessing = 0;
		};
		060BBA271BEBBE9F00FF885A /* Resources */ = {
			isa = PBXResourcesBuildPhase;
			buildActionMask = 2147483647;
			files = (
			);
			runOnlyForDeploymentPostprocessing = 0;
		};
		060BBA321BEBBE9F00FF885A /* Resources */ = {
			isa = PBXResourcesBuildPhase;
			buildActionMask = 2147483647;
			files = (
			);
			runOnlyForDeploymentPostprocessing = 0;
		};
/* End PBXResourcesBuildPhase section */

/* Begin PBXSourcesBuildPhase section */
		060BBA111BEBBE9F00FF885A /* Sources */ = {
			isa = PBXSourcesBuildPhase;
			buildActionMask = 2147483647;
			files = (
				060BBA1B1BEBBE9F00FF885A /* ViewController.swift in Sources */,
				060BBA191BEBBE9F00FF885A /* AppDelegate.swift in Sources */,
				0650433E1BF25892009BB4E1 /* EquipData.swift in Sources */,
			);
			runOnlyForDeploymentPostprocessing = 0;
		};
		060BBA251BEBBE9F00FF885A /* Sources */ = {
			isa = PBXSourcesBuildPhase;
			buildActionMask = 2147483647;
			files = (
				060BBA2E1BEBBE9F00FF885A /* GradyCheckoutTests.swift in Sources */,
			);
			runOnlyForDeploymentPostprocessing = 0;
		};
		060BBA301BEBBE9F00FF885A /* Sources */ = {
			isa = PBXSourcesBuildPhase;
			buildActionMask = 2147483647;
			files = (
				060BBA391BEBBE9F00FF885A /* GradyCheckoutUITests.swift in Sources */,
			);
			runOnlyForDeploymentPostprocessing = 0;
		};
/* End PBXSourcesBuildPhase section */

/* Begin PBXTargetDependency section */
		060BBA2B1BEBBE9F00FF885A /* PBXTargetDependency */ = {
			isa = PBXTargetDependency;
			target = 060BBA141BEBBE9F00FF885A /* GradyCheckout */;
			targetProxy = 060BBA2A1BEBBE9F00FF885A /* PBXContainerItemProxy */;
		};
		060BBA361BEBBE9F00FF885A /* PBXTargetDependency */ = {
			isa = PBXTargetDependency;
			target = 060BBA141BEBBE9F00FF885A /* GradyCheckout */;
			targetProxy = 060BBA351BEBBE9F00FF885A /* PBXContainerItemProxy */;
		};
/* End PBXTargetDependency section */

/* Begin PBXVariantGroup section */
		060BBA1C1BEBBE9F00FF885A /* Main.storyboard */ = {
			isa = PBXVariantGroup;
			children = (
				060BBA1D1BEBBE9F00FF885A /* Base */,
			);
			name = Main.storyboard;
			sourceTree = "<group>";
		};
		060BBA211BEBBE9F00FF885A /* LaunchScreen.storyboard */ = {
			isa = PBXVariantGroup;
			children = (
				060BBA221BEBBE9F00FF885A /* Base */,
			);
			name = LaunchScreen.storyboard;
			sourceTree = "<group>";
		};
/* End PBXVariantGroup section */

/* Begin XCBuildConfiguration section */
		060BBA3B1BEBBE9F00FF885A /* Debug */ = {
			isa = XCBuildConfiguration;
			buildSettings = {
				ALWAYS_SEARCH_USER_PATHS = NO;
				CLANG_CXX_LANGUAGE_STANDARD = "gnu++0x";
				CLANG_CXX_LIBRARY = "libc++";
				CLANG_ENABLE_MODULES = YES;
				CLANG_ENABLE_OBJC_ARC = YES;
				CLANG_WARN_BOOL_CONVERSION = YES;
				CLANG_WARN_CONSTANT_CONVERSION = YES;
				CLANG_WARN_DIRECT_OBJC_ISA_USAGE = YES_ERROR;
				CLANG_WARN_EMPTY_BODY = YES;
				CLANG_WARN_ENUM_CONVERSION = YES;
				CLANG_WARN_INT_CONVERSION = YES;
				CLANG_WARN_OBJC_ROOT_CLASS = YES_ERROR;
				CLANG_WARN_UNREACHABLE_CODE = YES;
				CLANG_WARN__DUPLICATE_METHOD_MATCH = YES;
				"CODE_SIGN_IDENTITY[sdk=iphoneos*]" = "iPhone Developer";
				COPY_PHASE_STRIP = NO;
				DEBUG_INFORMATION_FORMAT = dwarf;
				ENABLE_STRICT_OBJC_MSGSEND = YES;
				ENABLE_TESTABILITY = YES;
				GCC_C_LANGUAGE_STANDARD = gnu99;
				GCC_DYNAMIC_NO_PIC = NO;
				GCC_NO_COMMON_BLOCKS = YES;
				GCC_OPTIMIZATION_LEVEL = 0;
				GCC_PREPROCESSOR_DEFINITIONS = (
					"DEBUG=1",
					"$(inherited)",
				);
				GCC_WARN_64_TO_32_BIT_CONVERSION = YES;
				GCC_WARN_ABOUT_RETURN_TYPE = YES_ERROR;
				GCC_WARN_UNDECLARED_SELECTOR = YES;
				GCC_WARN_UNINITIALIZED_AUTOS = YES_AGGRESSIVE;
				GCC_WARN_UNUSED_FUNCTION = YES;
				GCC_WARN_UNUSED_VARIABLE = YES;
				IPHONEOS_DEPLOYMENT_TARGET = 9.0;
				MTL_ENABLE_DEBUG_INFO = YES;
				ONLY_ACTIVE_ARCH = YES;
				SDKROOT = iphoneos;
				SWIFT_OPTIMIZATION_LEVEL = "-Onone";
			};
			name = Debug;
		};
		060BBA3C1BEBBE9F00FF885A /* Release */ = {
			isa = XCBuildConfiguration;
			buildSettings = {
				ALWAYS_SEARCH_USER_PATHS = NO;
				CLANG_CXX_LANGUAGE_STANDARD = "gnu++0x";
				CLANG_CXX_LIBRARY = "libc++";
				CLANG_ENABLE_MODULES = YES;
				CLANG_ENABLE_OBJC_ARC = YES;
				CLANG_WARN_BOOL_CONVERSION = YES;
				CLANG_WARN_CONSTANT_CONVERSION = YES;
				CLANG_WARN_DIRECT_OBJC_ISA_USAGE = YES_ERROR;
				CLANG_WARN_EMPTY_BODY = YES;
				CLANG_WARN_ENUM_CONVERSION = YES;
				CLANG_WARN_INT_CONVERSION = YES;
				CLANG_WARN_OBJC_ROOT_CLASS = YES_ERROR;
				CLANG_WARN_UNREACHABLE_CODE = YES;
				CLANG_WARN__DUPLICATE_METHOD_MATCH = YES;
				"CODE_SIGN_IDENTITY[sdk=iphoneos*]" = "iPhone Developer";
				COPY_PHASE_STRIP = NO;
				DEBUG_INFORMATION_FORMAT = "dwarf-with-dsym";
				ENABLE_NS_ASSERTIONS = NO;
				ENABLE_STRICT_OBJC_MSGSEND = YES;
				GCC_C_LANGUAGE_STANDARD = gnu99;
				GCC_NO_COMMON_BLOCKS = YES;
				GCC_WARN_64_TO_32_BIT_CONVERSION = YES;
				GCC_WARN_ABOUT_RETURN_TYPE = YES_ERROR;
				GCC_WARN_UNDECLARED_SELECTOR = YES;
				GCC_WARN_UNINITIALIZED_AUTOS = YES_AGGRESSIVE;
				GCC_WARN_UNUSED_FUNCTION = YES;
				GCC_WARN_UNUSED_VARIABLE = YES;
				IPHONEOS_DEPLOYMENT_TARGET = 9.0;
				MTL_ENABLE_DEBUG_INFO = NO;
				SDKROOT = iphoneos;
				VALIDATE_PRODUCT = YES;
			};
			name = Release;
		};
		060BBA3E1BEBBE9F00FF885A /* Debug */ = {
			isa = XCBuildConfiguration;
			buildSettings = {
				ASSETCATALOG_COMPILER_APPICON_NAME = AppIcon;
				INFOPLIST_FILE = GradyCheckout/Info.plist;
				LD_RUNPATH_SEARCH_PATHS = "$(inherited) @executable_path/Frameworks";
				PRODUCT_BUNDLE_IDENTIFIER = com.practicallyvampires.GradyCheckout;
				PRODUCT_NAME = "$(TARGET_NAME)";
			};
			name = Debug;
		};
		060BBA3F1BEBBE9F00FF885A /* Release */ = {
			isa = XCBuildConfiguration;
			buildSettings = {
				ASSETCATALOG_COMPILER_APPICON_NAME = AppIcon;
				INFOPLIST_FILE = GradyCheckout/Info.plist;
				LD_RUNPATH_SEARCH_PATHS = "$(inherited) @executable_path/Frameworks";
				PRODUCT_BUNDLE_IDENTIFIER = com.practicallyvampires.GradyCheckout;
				PRODUCT_NAME = "$(TARGET_NAME)";
			};
			name = Release;
		};
		060BBA411BEBBE9F00FF885A /* Debug */ = {
			isa = XCBuildConfiguration;
			buildSettings = {
				BUNDLE_LOADER = "$(TEST_HOST)";
				INFOPLIST_FILE = GradyCheckoutTests/Info.plist;
				LD_RUNPATH_SEARCH_PATHS = "$(inherited) @executable_path/Frameworks @loader_path/Frameworks";
				PRODUCT_BUNDLE_IDENTIFIER = com.bridgetech.GradyCheckoutTests;
				PRODUCT_NAME = "$(TARGET_NAME)";
				TEST_HOST = "$(BUILT_PRODUCTS_DIR)/GradyCheckout.app/GradyCheckout";
			};
			name = Debug;
		};
		060BBA421BEBBE9F00FF885A /* Release */ = {
			isa = XCBuildConfiguration;
			buildSettings = {
				BUNDLE_LOADER = "$(TEST_HOST)";
				INFOPLIST_FILE = GradyCheckoutTests/Info.plist;
				LD_RUNPATH_SEARCH_PATHS = "$(inherited) @executable_path/Frameworks @loader_path/Frameworks";
				PRODUCT_BUNDLE_IDENTIFIER = com.bridgetech.GradyCheckoutTests;
				PRODUCT_NAME = "$(TARGET_NAME)";
				TEST_HOST = "$(BUILT_PRODUCTS_DIR)/GradyCheckout.app/GradyCheckout";
			};
			name = Release;
		};
		060BBA441BEBBE9F00FF885A /* Debug */ = {
			isa = XCBuildConfiguration;
			buildSettings = {
				INFOPLIST_FILE = GradyCheckoutUITests/Info.plist;
				LD_RUNPATH_SEARCH_PATHS = "$(inherited) @executable_path/Frameworks @loader_path/Frameworks";
				PRODUCT_BUNDLE_IDENTIFIER = com.bridgetech.GradyCheckoutUITests;
				PRODUCT_NAME = "$(TARGET_NAME)";
				TEST_TARGET_NAME = GradyCheckout;
				USES_XCTRUNNER = YES;
			};
			name = Debug;
		};
		060BBA451BEBBE9F00FF885A /* Release */ = {
			isa = XCBuildConfiguration;
			buildSettings = {
				INFOPLIST_FILE = GradyCheckoutUITests/Info.plist;
				LD_RUNPATH_SEARCH_PATHS = "$(inherited) @executable_path/Frameworks @loader_path/Frameworks";
				PRODUCT_BUNDLE_IDENTIFIER = com.bridgetech.GradyCheckoutUITests;
				PRODUCT_NAME = "$(TARGET_NAME)";
				TEST_TARGET_NAME = GradyCheckout;
				USES_XCTRUNNER = YES;
			};
			name = Release;
		};
/* End XCBuildConfiguration section */

/* Begin XCConfigurationList section */
		060BBA101BEBBE9F00FF885A /* Build configuration list for PBXProject "GradyCheckout" */ = {
			isa = XCConfigurationList;
			buildConfigurations = (
				060BBA3B1BEBBE9F00FF885A /* Debug */,
				060BBA3C1BEBBE9F00FF885A /* Release */,
			);
			defaultConfigurationIsVisible = 0;
			defaultConfigurationName = Release;
		};
		060BBA3D1BEBBE9F00FF885A /* Build configuration list for PBXNativeTarget "GradyCheckout" */ = {
			isa = XCConfigurationList;
			buildConfigurations = (
				060BBA3E1BEBBE9F00FF885A /* Debug */,
				060BBA3F1BEBBE9F00FF885A /* Release */,
			);
			defaultConfigurationIsVisible = 0;
			defaultConfigurationName = Release;
		};
		060BBA401BEBBE9F00FF885A /* Build configuration list for PBXNativeTarget "GradyCheckoutTests" */ = {
			isa = XCConfigurationList;
			buildConfigurations = (
				060BBA411BEBBE9F00FF885A /* Debug */,
				060BBA421BEBBE9F00FF885A /* Release */,
			);
			defaultConfigurationIsVisible = 0;
			defaultConfigurationName = Release;
		};
		060BBA431BEBBE9F00FF885A /* Build configuration list for PBXNativeTarget "GradyCheckoutUITests" */ = {
			isa = XCConfigurationList;
			buildConfigurations = (
				060BBA441BEBBE9F00FF885A /* Debug */,
				060BBA451BEBBE9F00FF885A /* Release */,
			);
			defaultConfigurationIsVisible = 0;
			defaultConfigurationName = Release;
		};
/* End XCConfigurationList section */
	};
	rootObject = 060BBA0D1BEBBE9F00FF885A /* Project object */;
}
